
Microsoft Visual Studio Solution File, Format Version 12.00
# Visual Studio for Mac
Project("{FAE04EC0-301F-11D3-BF4B-00C04F79EFBC}") = "AsteraX UCP C02 V06 - Multiple Levels Challenge", "AsteraX UCP C02 V06 - Multiple Levels Challenge.csproj", "{EA64D225-9E9E-79F2-2EAA-BE72D7E80378}"
EndProject
Project("{FAE04EC0-301F-11D3-BF4B-00C04F79EFBC}") = "AsteraX UCP C02 V06 - Multiple Levels Challenge.Plugins", "AsteraX UCP C02 V06 - Multiple Levels Challenge.Plugins.csproj", "{D68C6841-D902-D0C5-01E2-F57FB08A3CB9}"
EndProject
Project("{FAE04EC0-301F-11D3-BF4B-00C04F79EFBC}") = "AsteraX UCP C02 V06 - Multiple Levels Challenge.Editor.Plugins", "AsteraX UCP C02 V06 - Multiple Levels Challenge.Editor.Plugins.csproj", "{A6C1DE7C-7304-7CF5-F9BE-B7ADF4F2A08B}"
EndProject
Project("{FAE04EC0-301F-11D3-BF4B-00C04F79EFBC}") = "AsteraX UCP C02 V06 - Multiple Levels Challenge.Editor", "AsteraX UCP C02 V06 - Multiple Levels Challenge.Editor.csproj", "{9640BF58-9D2A-8F5A-D58F-4404DCA14290}"
EndProject
Global
	GlobalSection(SolutionConfigurationPlatforms) = preSolution
		Debug|Any CPU = Debug|Any CPU
		Release|Any CPU = Release|Any CPU
	EndGlobalSection
	GlobalSection(ProjectConfigurationPlatforms) = postSolution
		{EA64D225-9E9E-79F2-2EAA-BE72D7E80378}.Debug|Any CPU.ActiveCfg = Debug|Any CPU
		{EA64D225-9E9E-79F2-2EAA-BE72D7E80378}.Debug|Any CPU.Build.0 = Debug|Any CPU
		{EA64D225-9E9E-79F2-2EAA-BE72D7E80378}.Release|Any CPU.ActiveCfg = Release|Any CPU
		{EA64D225-9E9E-79F2-2EAA-BE72D7E80378}.Release|Any CPU.Build.0 = Release|Any CPU
		{D68C6841-D902-D0C5-01E2-F57FB08A3CB9}.Debug|Any CPU.ActiveCfg = Debug|Any CPU
		{D68C6841-D902-D0C5-01E2-F57FB08A3CB9}.Debug|Any CPU.Build.0 = Debug|Any CPU
		{D68C6841-D902-D0C5-01E2-F57FB08A3CB9}.Release|Any CPU.ActiveCfg = Release|Any CPU
		{D68C6841-D902-D0C5-01E2-F57FB08A3CB9}.Release|Any CPU.Build.0 = Release|Any CPU
		{A6C1DE7C-7304-7CF5-F9BE-B7ADF4F2A08B}.Debug|Any CPU.ActiveCfg = Debug|Any CPU
		{A6C1DE7C-7304-7CF5-F9BE-B7ADF4F2A08B}.Debug|Any CPU.Build.0 = Debug|Any CPU
		{A6C1DE7C-7304-7CF5-F9BE-B7ADF4F2A08B}.Release|Any CPU.ActiveCfg = Release|Any CPU
		{A6C1DE7C-7304-7CF5-F9BE-B7ADF4F2A08B}.Release|Any CPU.Build.0 = Release|Any CPU
		{9640BF58-9D2A-8F5A-D58F-4404DCA14290}.Debug|Any CPU.ActiveCfg = Debug|Any CPU
		{9640BF58-9D2A-8F5A-D58F-4404DCA14290}.Debug|Any CPU.Build.0 = Debug|Any CPU
		{9640BF58-9D2A-8F5A-D58F-4404DCA14290}.Release|Any CPU.ActiveCfg = Release|Any CPU
		{9640BF58-9D2A-8F5A-D58F-4404DCA14290}.Release|Any CPU.Build.0 = Release|Any CPU
	EndGlobalSection
	GlobalSection(SolutionProperties) = preSolution
		HideSolutionNode = FALSE
	EndGlobalSection
EndGlobal
